<?xml version="1.0" encoding="utf-8"?>
<Project ToolsVersion="4.0" xmlns="http://schemas.microsoft.com/developer/msbuild/2003">
  <ItemGroup>
    <Filter Include="contrib">
      <UniqueIdentifier>{16D079D3-82AF-F86E-8BC7-8345F7255FD0}</UniqueIdentifier>
    </Filter>
  </ItemGroup>
  <ItemGroup>
    <ClInclude Include="src\collectionstack.h" />
    <ClInclude Include="src\contrib\graphbuilderadapter.h">
      <Filter>contrib</Filter>
    </ClInclude>
    <ClInclude Include="src\directives.h" />
    <ClInclude Include="src\emitterstate.h" />
    <ClInclude Include="src\emitterutils.h" />
    <ClInclude Include="src\exp.h" />
    <ClInclude Include="src\indentation.h" />
    <ClInclude Include="src\nodebuilder.h" />
    <ClInclude Include="src\nodeevents.h" />
    <ClInclude Include="src\ptr_vector.h" />
    <ClInclude Include="src\regex_yaml.h" />
    <ClInclude Include="src\regeximpl.h" />
    <ClInclude Include="src\scanner.h" />
    <ClInclude Include="src\scanscalar.h" />
    <ClInclude Include="src\scantag.h" />
    <ClInclude Include="src\setting.h" />
    <ClInclude Include="src\singledocparser.h" />
    <ClInclude Include="src\stream.h" />
    <ClInclude Include="src\streamcharsource.h" />
    <ClInclude Include="src\stringsource.h" />
    <ClInclude Include="src\tag.h" />
    <ClInclude Include="src\token.h" />
  </ItemGroup>
  <ItemGroup>
    <ClCompile Include="src\binary.cpp" />
    <ClCompile Include="src\contrib\graphbuilder.cpp">
      <Filter>contrib</Filter>
    </ClCompile>
    <ClCompile Include="src\contrib\graphbuilderadapter.cpp">
      <Filter>contrib</Filter>
    </ClCompile>
    <ClCompile Include="src\convert.cpp" />
    <ClCompile Include="src\depthguard.cpp" />
    <ClCompile Include="src\directives.cpp" />
    <ClCompile Include="src\emit.cpp" />
    <ClCompile Include="src\emitfromevents.cpp" />
    <ClCompile Include="src\emitter.cpp" />
    <ClCompile Include="src\emitterstate.cpp" />
    <ClCompile Include="src\emitterutils.cpp" />
    <ClCompile Include="src\exceptions.cpp" />
    <ClCompile Include="src\exp.cpp" />
    <ClCompile Include="src\memory.cpp" />
    <ClCompile Include="src\node.cpp" />
    <ClCompile Include="src\node_data.cpp" />
    <ClCompile Include="src\nodebuilder.cpp" />
    <ClCompile Include="src\nodeevents.cpp" />
    <ClCompile Include="src\null.cpp" />
    <ClCompile Include="src\ostream_wrapper.cpp" />
    <ClCompile Include="src\parse.cpp" />
    <ClCompile Include="src\parser.cpp" />
    <ClCompile Include="src\regex_yaml.cpp" />
    <ClCompile Include="src\scanner.cpp" />
    <ClCompile Include="src\scanscalar.cpp" />
    <ClCompile Include="src\scantag.cpp" />
    <ClCompile Include="src\scantoken.cpp" />
    <ClCompile Include="src\simplekey.cpp" />
    <ClCompile Include="src\singledocparser.cpp" />
    <ClCompile Include="src\stream.cpp" />
    <ClCompile Include="src\tag.cpp" />
  </ItemGroup>
</Project>